
Microsoft Visual Studio Solution File, Format Version 11.00
# Visual Studio 2010
Project("{FAE04EC0-301F-11D3-BF4B-00C04F79EFBC}") = "Okazuki.MVVMRxSample", "Okazuki.MVVMRxSample\Okazuki.MVVMRxSample.csproj", "{8C52A5E4-B8D7-49F6-839D-1D83AAB0BE45}"
	ProjectSection(ProjectDependencies) = postProject
		{AB8C2745-7E4A-47F3-BE8A-7416F896076D} = {AB8C2745-7E4A-47F3-BE8A-7416F896076D}
	EndProjectSection
EndProject
Project("{FAE04EC0-301F-11D3-BF4B-00C04F79EFBC}") = "Okazuki.MVVMRxSample.Web", "Okazuki.MVVMRxSample.Web\Okazuki.MVVMRxSample.Web.csproj", "{AB8C2745-7E4A-47F3-BE8A-7416F896076D}"
EndProject
Global
	GlobalSection(SolutionConfigurationPlatforms) = preSolution
		Debug|Any CPU = Debug|Any CPU
		Release|Any CPU = Release|Any CPU
	EndGlobalSection
	GlobalSection(ProjectConfigurationPlatforms) = postSolution
		{8C52A5E4-B8D7-49F6-839D-1D83AAB0BE45}.Debug|Any CPU.ActiveCfg = Debug|Any CPU
		{8C52A5E4-B8D7-49F6-839D-1D83AAB0BE45}.Debug|Any CPU.Build.0 = Debug|Any CPU
		{8C52A5E4-B8D7-49F6-839D-1D83AAB0BE45}.Release|Any CPU.ActiveCfg = Release|Any CPU
		{8C52A5E4-B8D7-49F6-839D-1D83AAB0BE45}.Release|Any CPU.Build.0 = Release|Any CPU
		{AB8C2745-7E4A-47F3-BE8A-7416F896076D}.Debug|Any CPU.ActiveCfg = Debug|Any CPU
		{AB8C2745-7E4A-47F3-BE8A-7416F896076D}.Debug|Any CPU.Build.0 = Debug|Any CPU
		{AB8C2745-7E4A-47F3-BE8A-7416F896076D}.Release|Any CPU.ActiveCfg = Release|Any CPU
		{AB8C2745-7E4A-47F3-BE8A-7416F896076D}.Release|Any CPU.Build.0 = Release|Any CPU
	EndGlobalSection
	GlobalSection(SolutionProperties) = preSolution
		HideSolutionNode = FALSE
	EndGlobalSection
EndGlobal
